
Microsoft Visual Studio Solution File, Format Version 12.00
# Visual Studio 14
VisualStudioVersion = 14.0.25420.1
MinimumVisualStudioVersion = 10.0.40219.1
Project("{FAE04EC0-301F-11D3-BF4B-00C04F79EFBC}") = "WebApplication1", "WebApplication1\WebApplication1.csproj", "{5C4538A4-6E9C-48E1-9B55-6F19CADF413B}"
EndProject
Project("{151D2E53-A2C4-4D7D-83FE-D05416EBD58E}") = "DemoBrickOps024", "DemoBrickOps024\DemoBrickOps024.deployproj", "{03D01D9C-D6E7-422D-96C8-A375CA28CC56}"
EndProject
Global
	GlobalSection(SolutionConfigurationPlatforms) = preSolution
		Debug|Any CPU = Debug|Any CPU
		Release|Any CPU = Release|Any CPU
	EndGlobalSection
	GlobalSection(ProjectConfigurationPlatforms) = postSolution
		{5C4538A4-6E9C-48E1-9B55-6F19CADF413B}.Debug|Any CPU.ActiveCfg = Debug|Any CPU
		{5C4538A4-6E9C-48E1-9B55-6F19CADF413B}.Debug|Any CPU.Build.0 = Debug|Any CPU
		{5C4538A4-6E9C-48E1-9B55-6F19CADF413B}.Release|Any CPU.ActiveCfg = Release|Any CPU
		{5C4538A4-6E9C-48E1-9B55-6F19CADF413B}.Release|Any CPU.Build.0 = Release|Any CPU
		{03D01D9C-D6E7-422D-96C8-A375CA28CC56}.Debug|Any CPU.ActiveCfg = Debug|Any CPU
		{03D01D9C-D6E7-422D-96C8-A375CA28CC56}.Debug|Any CPU.Build.0 = Debug|Any CPU
		{03D01D9C-D6E7-422D-96C8-A375CA28CC56}.Release|Any CPU.ActiveCfg = Release|Any CPU
		{03D01D9C-D6E7-422D-96C8-A375CA28CC56}.Release|Any CPU.Build.0 = Release|Any CPU
	EndGlobalSection
	GlobalSection(SolutionProperties) = preSolution
		HideSolutionNode = FALSE
	EndGlobalSection
EndGlobal
